
Microsoft Visual Studio Solution File, Format Version 12.00
# Visual Studio Version 16
VisualStudioVersion = 16.0.30330.147
MinimumVisualStudioVersion = 10.0.40219.1
Project("{FAE04EC0-301F-11D3-BF4B-00C04F79EFBC}") = "MKCore", "MKCore\MKCore.csproj", "{0445F832-D231-403D-AC63-6753B237082F}"
EndProject
Global
	GlobalSection(SolutionConfigurationPlatforms) = preSolution
		Debug|Any CPU = Debug|Any CPU
		Release|Any CPU = Release|Any CPU
	EndGlobalSection
	GlobalSection(ProjectConfigurationPlatforms) = postSolution
		{0445F832-D231-403D-AC63-6753B237082F}.Debug|Any CPU.ActiveCfg = Debug|Any CPU
		{0445F832-D231-403D-AC63-6753B237082F}.Debug|Any CPU.Build.0 = Debug|Any CPU
		{0445F832-D231-403D-AC63-6753B237082F}.Release|Any CPU.ActiveCfg = Release|Any CPU
		{0445F832-D231-403D-AC63-6753B237082F}.Release|Any CPU.Build.0 = Release|Any CPU
	EndGlobalSection
	GlobalSection(SolutionProperties) = preSolution
		HideSolutionNode = FALSE
	EndGlobalSection
	GlobalSection(ExtensibilityGlobals) = postSolution
		SolutionGuid = {5CD28A77-9F97-4FE5-8704-1589EA772569}
	EndGlobalSection
EndGlobal
